
Microsoft Visual Studio Solution File, Format Version 12.00
# Visual Studio Version 17
VisualStudioVersion = 17.0.31903.59
MinimumVisualStudioVersion = 10.0.40219.1
Project("{FAE04EC0-301F-11D3-BF4B-00C04F79EFBC}") = "blast-furnace-mass-balance-app", "blast-furnace-mass-balance-app\blast-furnace-mass-balance-app.csproj", "{03C9047B-201A-4200-BE2A-ED499A095A5B}"
EndProject
Global
	GlobalSection(SolutionConfigurationPlatforms) = preSolution
		Debug|Any CPU = Debug|Any CPU
		Release|Any CPU = Release|Any CPU
	EndGlobalSection
	GlobalSection(SolutionProperties) = preSolution
		HideSolutionNode = FALSE
	EndGlobalSection
	GlobalSection(ProjectConfigurationPlatforms) = postSolution
		{03C9047B-201A-4200-BE2A-ED499A095A5B}.Debug|Any CPU.ActiveCfg = Debug|Any CPU
		{03C9047B-201A-4200-BE2A-ED499A095A5B}.Debug|Any CPU.Build.0 = Debug|Any CPU
		{03C9047B-201A-4200-BE2A-ED499A095A5B}.Release|Any CPU.ActiveCfg = Release|Any CPU
		{03C9047B-201A-4200-BE2A-ED499A095A5B}.Release|Any CPU.Build.0 = Release|Any CPU
	EndGlobalSection
EndGlobal
